
Microsoft Visual Studio Solution File, Format Version 12.00
# Visual Studio Version 16
VisualStudioVersion = 16.0.30711.63
MinimumVisualStudioVersion = 10.0.40219.1
Project("{FAE04EC0-301F-11D3-BF4B-00C04F79EFBC}") = "DZ5", "DZ5\DZ5.csproj", "{38130281-B075-4A48-92DC-68EAA8B247E5}"
EndProject
Project("{FAE04EC0-301F-11D3-BF4B-00C04F79EFBC}") = "DZ5.2", "DZ5.2\DZ5.2.csproj", "{18B81E69-D273-424D-BB67-F71F42C457A1}"
EndProject
Project("{FAE04EC0-301F-11D3-BF4B-00C04F79EFBC}") = "DZ5.3", "DZ5.3\DZ5.3.csproj", "{8EDBF91C-0592-44A2-B6D1-561B1C389F2C}"
EndProject
Project("{FAE04EC0-301F-11D3-BF4B-00C04F79EFBC}") = "DZ5.4", "DZ5.4\DZ5.4.csproj", "{6DDACC44-CCEA-4223-8D87-AF8E94C828E3}"
EndProject
Project("{FAE04EC0-301F-11D3-BF4B-00C04F79EFBC}") = "DZ5.5", "DZ5.5\DZ5.5.csproj", "{C9FD4605-9BCC-4A79-B3F6-45BCEC158C39}"
EndProject
Global
	GlobalSection(SolutionConfigurationPlatforms) = preSolution
		Debug|Any CPU = Debug|Any CPU
		Release|Any CPU = Release|Any CPU
	EndGlobalSection
	GlobalSection(ProjectConfigurationPlatforms) = postSolution
		{38130281-B075-4A48-92DC-68EAA8B247E5}.Debug|Any CPU.ActiveCfg = Debug|Any CPU
		{38130281-B075-4A48-92DC-68EAA8B247E5}.Debug|Any CPU.Build.0 = Debug|Any CPU
		{38130281-B075-4A48-92DC-68EAA8B247E5}.Release|Any CPU.ActiveCfg = Release|Any CPU
		{38130281-B075-4A48-92DC-68EAA8B247E5}.Release|Any CPU.Build.0 = Release|Any CPU
		{18B81E69-D273-424D-BB67-F71F42C457A1}.Debug|Any CPU.ActiveCfg = Debug|Any CPU
		{18B81E69-D273-424D-BB67-F71F42C457A1}.Debug|Any CPU.Build.0 = Debug|Any CPU
		{18B81E69-D273-424D-BB67-F71F42C457A1}.Release|Any CPU.ActiveCfg = Release|Any CPU
		{18B81E69-D273-424D-BB67-F71F42C457A1}.Release|Any CPU.Build.0 = Release|Any CPU
		{8EDBF91C-0592-44A2-B6D1-561B1C389F2C}.Debug|Any CPU.ActiveCfg = Debug|Any CPU
		{8EDBF91C-0592-44A2-B6D1-561B1C389F2C}.Debug|Any CPU.Build.0 = Debug|Any CPU
		{8EDBF91C-0592-44A2-B6D1-561B1C389F2C}.Release|Any CPU.ActiveCfg = Release|Any CPU
		{8EDBF91C-0592-44A2-B6D1-561B1C389F2C}.Release|Any CPU.Build.0 = Release|Any CPU
		{6DDACC44-CCEA-4223-8D87-AF8E94C828E3}.Debug|Any CPU.ActiveCfg = Debug|Any CPU
		{6DDACC44-CCEA-4223-8D87-AF8E94C828E3}.Debug|Any CPU.Build.0 = Debug|Any CPU
		{6DDACC44-CCEA-4223-8D87-AF8E94C828E3}.Release|Any CPU.ActiveCfg = Release|Any CPU
		{6DDACC44-CCEA-4223-8D87-AF8E94C828E3}.Release|Any CPU.Build.0 = Release|Any CPU
		{C9FD4605-9BCC-4A79-B3F6-45BCEC158C39}.Debug|Any CPU.ActiveCfg = Debug|Any CPU
		{C9FD4605-9BCC-4A79-B3F6-45BCEC158C39}.Debug|Any CPU.Build.0 = Debug|Any CPU
		{C9FD4605-9BCC-4A79-B3F6-45BCEC158C39}.Release|Any CPU.ActiveCfg = Release|Any CPU
		{C9FD4605-9BCC-4A79-B3F6-45BCEC158C39}.Release|Any CPU.Build.0 = Release|Any CPU
	EndGlobalSection
	GlobalSection(SolutionProperties) = preSolution
		HideSolutionNode = FALSE
	EndGlobalSection
	GlobalSection(ExtensibilityGlobals) = postSolution
		SolutionGuid = {E3DBC3A3-1D65-401E-9E53-219582E48530}
	EndGlobalSection
EndGlobal
